PODS:
  - MLEstimatedViewHeight (0.1.0)

DEPENDENCIES:
  - MLEstimatedViewHeight (from `../`)

EXTERNAL SOURCES:
  MLEstimatedViewHeight:
    :path: "../"

SPEC CHECKSUMS:
  MLEstimatedViewHeight: 6b83566378294b392fd04f922eac693d8eb70341

PODFILE CHECKSUM: 0ee199cc4de69d52758abd8c8d9191cb637339db

COCOAPODS: 1.5.3
