PODS:
  - MLEstimatedViewHeight (0.1.1)

DEPENDENCIES:
  - MLEstimatedViewHeight (from `../`)

EXTERNAL SOURCES:
  MLEstimatedViewHeight:
    :path: "../"

SPEC CHECKSUMS:
  MLEstimatedViewHeight: c5fb761c812e0dc1d5441b549710cd70a38d4c82

PODFILE CHECKSUM: 0ee199cc4de69d52758abd8c8d9191cb637339db

COCOAPODS: 1.6.1
